
Microsoft Visual Studio Solution File, Format Version 12.00
# Visual Studio 15
VisualStudioVersion = 15.0.28307.438
MinimumVisualStudioVersion = 10.0.40219.1
Project("{FAE04EC0-301F-11D3-BF4B-00C04F79EFBC}") = "JXYPUniversalParser", "JXYPUniversalParser\JXYPUniversalParser.csproj", "{F89E366F-DED4-4F78-AC52-626867E90ADE}"
EndProject
Global
	GlobalSection(SolutionConfigurationPlatforms) = preSolution
		Debug|Any CPU = Debug|Any CPU
		Release|Any CPU = Release|Any CPU
	EndGlobalSection
	GlobalSection(ProjectConfigurationPlatforms) = postSolution
		{F89E366F-DED4-4F78-AC52-626867E90ADE}.Debug|Any CPU.ActiveCfg = Debug|Any CPU
		{F89E366F-DED4-4F78-AC52-626867E90ADE}.Debug|Any CPU.Build.0 = Debug|Any CPU
		{F89E366F-DED4-4F78-AC52-626867E90ADE}.Release|Any CPU.ActiveCfg = Release|Any CPU
		{F89E366F-DED4-4F78-AC52-626867E90ADE}.Release|Any CPU.Build.0 = Release|Any CPU
	EndGlobalSection
	GlobalSection(SolutionProperties) = preSolution
		HideSolutionNode = FALSE
	EndGlobalSection
	GlobalSection(ExtensibilityGlobals) = postSolution
		SolutionGuid = {365BED84-CB51-4D8E-9157-B22A8096298E}
	EndGlobalSection
EndGlobal
